// !$*UTF8*$!
{
	archiveVersion = 1;
	classes = {
	};
	objectVersion = 46;
	objects = {

/* Begin PBXBuildFile section */
		7F004C161CCBD21700F4FAA8 /* AppDelegate.swift in Sources */ = {isa = PBXBuildFile; fileRef = 7F004C151CCBD21700F4FAA8 /* AppDelegate.swift */; };
		7F004C181CCBD21700F4FAA8 /* ViewController.swift in Sources */ = {isa = PBXBuildFile; fileRef = 7F004C171CCBD21700F4FAA8 /* ViewController.swift */; };
		7F004C1D1CCBD21700F4FAA8 /* Assets.xcassets in Resources */ = {isa = PBXBuildFile; fileRef = 7F004C1C1CCBD21700F4FAA8 /* Assets.xcassets */; };
		7F004C201CCBD21700F4FAA8 /* LaunchScreen.storyboard in Resources */ = {isa = PBXBuildFile; fileRef = 7F004C1E1CCBD21700F4FAA8 /* LaunchScreen.storyboard */; };
		7F004C2B1CCBD21700F4FAA8 /* FoodiePlaceTests.swift in Sources */ = {isa = PBXBuildFile; fileRef = 7F004C2A1CCBD21700F4FAA8 /* FoodiePlaceTests.swift */; };
		7F004C361CCBD21700F4FAA8 /* FoodiePlaceUITests.swift in Sources */ = {isa = PBXBuildFile; fileRef = 7F004C351CCBD21700F4FAA8 /* FoodiePlaceUITests.swift */; };
		7F004C441CCD209D00F4FAA8 /* FoodieTableViewController.swift in Sources */ = {isa = PBXBuildFile; fileRef = 7F004C431CCD209D00F4FAA8 /* FoodieTableViewController.swift */; };
		7F004C461CCD219000F4FAA8 /* GCD.swift in Sources */ = {isa = PBXBuildFile; fileRef = 7F004C451CCD219000F4FAA8 /* GCD.swift */; };
		7F004C481CCD27DC00F4FAA8 /* LocationViewController.swift in Sources */ = {isa = PBXBuildFile; fileRef = 7F004C471CCD27DC00F4FAA8 /* LocationViewController.swift */; };
		7F65CC961CCD485C00BD0B8A /* FoodTableViewCell.swift in Sources */ = {isa = PBXBuildFile; fileRef = 7F65CC951CCD485C00BD0B8A /* FoodTableViewCell.swift */; };
		7FB69F321CD0033100CF4140 /* Main.storyboard in Resources */ = {isa = PBXBuildFile; fileRef = 7FB69F301CD0033100CF4140 /* Main.storyboard */; };
		7FDFBA491CD544D300EAB5AB /* AddFoodViewController.swift in Sources */ = {isa = PBXBuildFile; fileRef = 7FDFBA481CD544D300EAB5AB /* AddFoodViewController.swift */; };
		D3827ED50327B559CCA15D1A /* libPods.a in Frameworks */ = {isa = PBXBuildFile; fileRef = F9147D570C9075DD1A8D5B63 /* libPods.a */; };
/* End PBXBuildFile section */

/* Begin PBXContainerItemProxy section */
		7F004C271CCBD21700F4FAA8 /* PBXContainerItemProxy */ = {
			isa = PBXContainerItemProxy;
			containerPortal = 7F004C0A1CCBD21700F4FAA8 /* Project object */;
			proxyType = 1;
			remoteGlobalIDString = 7F004C111CCBD21700F4FAA8;
			remoteInfo = FoodiePlace;
		};
		7F004C321CCBD21700F4FAA8 /* PBXContainerItemProxy */ = {
			isa = PBXContainerItemProxy;
			containerPortal = 7F004C0A1CCBD21700F4FAA8 /* Project object */;
			proxyType = 1;
			remoteGlobalIDString = 7F004C111CCBD21700F4FAA8;
			remoteInfo = FoodiePlace;
		};
/* End PBXContainerItemProxy section */

/* Begin PBXFileReference section */
		6FAFDEA42607FCEF1A7F3950 /* Pods.release.xcconfig */ = {isa = PBXFileReference; includeInIndex = 1; lastKnownFileType = text.xcconfig; name = Pods.release.xcconfig; path = "Pods/Target Support Files/Pods/Pods.release.xcconfig"; sourceTree = "<group>"; };
		7F004C121CCBD21700F4FAA8 /* FoodiePlace.app */ = {isa = PBXFileReference; explicitFileType = wrapper.application; includeInIndex = 0; path = FoodiePlace.app; sourceTree = BUILT_PRODUCTS_DIR; };
		7F004C151CCBD21700F4FAA8 /* AppDelegate.swift */ = {isa = PBXFileReference; lastKnownFileType = sourcecode.swift; path = AppDelegate.swift; sourceTree = "<group>"; };
		7F004C171CCBD21700F4FAA8 /* ViewController.swift */ = {isa = PBXFileReference; lastKnownFileType = sourcecode.swift; path = ViewController.swift; sourceTree = "<group>"; };
		7F004C1C1CCBD21700F4FAA8 /* Assets.xcassets */ = {isa = PBXFileReference; lastKnownFileType = folder.assetcatalog; path = Assets.xcassets; sourceTree = "<group>"; };
		7F004C1F1CCBD21700F4FAA8 /* Base */ = {isa = PBXFileReference; lastKnownFileType = file.storyboard; name = Base; path = Base.lproj/LaunchScreen.storyboard; sourceTree = "<group>"; };
		7F004C211CCBD21700F4FAA8 /* Info.plist */ = {isa = PBXFileReference; lastKnownFileType = text.plist.xml; path = Info.plist; sourceTree = "<group>"; };
		7F004C261CCBD21700F4FAA8 /* FoodiePlaceTests.xctest */ = {isa = PBXFileReference; explicitFileType = wrapper.cfbundle; includeInIndex = 0; path = FoodiePlaceTests.xctest; sourceTree = BUILT_PRODUCTS_DIR; };
		7F004C2A1CCBD21700F4FAA8 /* FoodiePlaceTests.swift */ = {isa = PBXFileReference; lastKnownFileType = sourcecode.swift; path = FoodiePlaceTests.swift; sourceTree = "<group>"; };
		7F004C2C1CCBD21700F4FAA8 /* Info.plist */ = {isa = PBXFileReference; lastKnownFileType = text.plist.xml; path = Info.plist; sourceTree = "<group>"; };
		7F004C311CCBD21700F4FAA8 /* FoodiePlaceUITests.xctest */ = {isa = PBXFileReference; explicitFileType = wrapper.cfbundle; includeInIndex = 0; path = FoodiePlaceUITests.xctest; sourceTree = BUILT_PRODUCTS_DIR; };
		7F004C351CCBD21700F4FAA8 /* FoodiePlaceUITests.swift */ = {isa = PBXFileReference; lastKnownFileType = sourcecode.swift; path = FoodiePlaceUITests.swift; sourceTree = "<group>"; };
		7F004C371CCBD21700F4FAA8 /* Info.plist */ = {isa = PBXFileReference; lastKnownFileType = text.plist.xml; path = Info.plist; sourceTree = "<group>"; };
		7F004C431CCD209D00F4FAA8 /* FoodieTableViewController.swift */ = {isa = PBXFileReference; fileEncoding = 4; lastKnownFileType = sourcecode.swift; path = FoodieTableViewController.swift; sourceTree = "<group>"; };
		7F004C451CCD219000F4FAA8 /* GCD.swift */ = {isa = PBXFileReference; fileEncoding = 4; lastKnownFileType = sourcecode.swift; path = GCD.swift; sourceTree = "<group>"; };
		7F004C471CCD27DC00F4FAA8 /* LocationViewController.swift */ = {isa = PBXFileReference; fileEncoding = 4; lastKnownFileType = sourcecode.swift; path = LocationViewController.swift; sourceTree = "<group>"; };
		7F65CC951CCD485C00BD0B8A /* FoodTableViewCell.swift */ = {isa = PBXFileReference; fileEncoding = 4; lastKnownFileType = sourcecode.swift; name = FoodTableViewCell.swift; path = ../FoodTableViewCell.swift; sourceTree = "<group>"; };
		7FB69F311CD0033100CF4140 /* Base */ = {isa = PBXFileReference; lastKnownFileType = file.storyboard; name = Base; path = Base.lproj/Main.storyboard; sourceTree = "<group>"; };
		7FDFBA481CD544D300EAB5AB /* AddFoodViewController.swift */ = {isa = PBXFileReference; fileEncoding = 4; lastKnownFileType = sourcecode.swift; path = AddFoodViewController.swift; sourceTree = "<group>"; };
		82F8D0E23097955FECC03753 /* Pods.debug.xcconfig */ = {isa = PBXFileReference; includeInIndex = 1; lastKnownFileType = text.xcconfig; name = Pods.debug.xcconfig; path = "Pods/Target Support Files/Pods/Pods.debug.xcconfig"; sourceTree = "<group>"; };
		F9147D570C9075DD1A8D5B63 /* libPods.a */ = {isa = PBXFileReference; explicitFileType = archive.ar; includeInIndex = 0; path = libPods.a; sourceTree = BUILT_PRODUCTS_DIR; };
/* End PBXFileReference section */

/* Begin PBXFrameworksBuildPhase section */
		7F004C0F1CCBD21700F4FAA8 /* Frameworks */ = {
			isa = PBXFrameworksBuildPhase;
			buildActionMask = 2147483647;
			files = (
				D3827ED50327B559CCA15D1A /* libPods.a in Frameworks */,
			);
			runOnlyForDeploymentPostprocessing = 0;
		};
		7F004C231CCBD21700F4FAA8 /* Frameworks */ = {
			isa = PBXFrameworksBuildPhase;
			buildActionMask = 2147483647;
			files = (
			);
			runOnlyForDeploymentPostprocessing = 0;
		};
		7F004C2E1CCBD21700F4FAA8 /* Frameworks */ = {
			isa = PBXFrameworksBuildPhase;
			buildActionMask = 2147483647;
			files = (
			);
			runOnlyForDeploymentPostprocessing = 0;
		};
/* End PBXFrameworksBuildPhase section */

/* Begin PBXGroup section */
		7F004C091CCBD21700F4FAA8 = {
			isa = PBXGroup;
			children = (
				7F004C141CCBD21700F4FAA8 /* FoodiePlace */,
				7F004C291CCBD21700F4FAA8 /* FoodiePlaceTests */,
				7F004C341CCBD21700F4FAA8 /* FoodiePlaceUITests */,
				7F004C131CCBD21700F4FAA8 /* Products */,
				B421E3172AD70E9D72A52C1F /* Pods */,
				A863527E6B578C3A56C7C839 /* Frameworks */,
			);
			sourceTree = "<group>";
		};
		7F004C131CCBD21700F4FAA8 /* Products */ = {
			isa = PBXGroup;
			children = (
				7F004C121CCBD21700F4FAA8 /* FoodiePlace.app */,
				7F004C261CCBD21700F4FAA8 /* FoodiePlaceTests.xctest */,
				7F004C311CCBD21700F4FAA8 /* FoodiePlaceUITests.xctest */,
			);
			name = Products;
			sourceTree = "<group>";
		};
		7F004C141CCBD21700F4FAA8 /* FoodiePlace */ = {
			isa = PBXGroup;
			children = (
				7FB69F301CD0033100CF4140 /* Main.storyboard */,
				7F65CC951CCD485C00BD0B8A /* FoodTableViewCell.swift */,
				7F004C151CCBD21700F4FAA8 /* AppDelegate.swift */,
				7F004C171CCBD21700F4FAA8 /* ViewController.swift */,
				7F004C1C1CCBD21700F4FAA8 /* Assets.xcassets */,
				7F004C1E1CCBD21700F4FAA8 /* LaunchScreen.storyboard */,
				7F004C211CCBD21700F4FAA8 /* Info.plist */,
				7F004C431CCD209D00F4FAA8 /* FoodieTableViewController.swift */,
				7F004C451CCD219000F4FAA8 /* GCD.swift */,
				7F004C471CCD27DC00F4FAA8 /* LocationViewController.swift */,
				7FDFBA481CD544D300EAB5AB /* AddFoodViewController.swift */,
			);
			path = FoodiePlace;
			sourceTree = "<group>";
		};
		7F004C291CCBD21700F4FAA8 /* FoodiePlaceTests */ = {
			isa = PBXGroup;
			children = (
				7F004C2A1CCBD21700F4FAA8 /* FoodiePlaceTests.swift */,
				7F004C2C1CCBD21700F4FAA8 /* Info.plist */,
			);
			path = FoodiePlaceTests;
			sourceTree = "<group>";
		};
		7F004C341CCBD21700F4FAA8 /* FoodiePlaceUITests */ = {
			isa = PBXGroup;
			children = (
				7F004C351CCBD21700F4FAA8 /* FoodiePlaceUITests.swift */,
				7F004C371CCBD21700F4FAA8 /* Info.plist */,
			);
			path = FoodiePlaceUITests;
			sourceTree = "<group>";
		};
		A863527E6B578C3A56C7C839 /* Frameworks */ = {
			isa = PBXGroup;
			children = (
				F9147D570C9075DD1A8D5B63 /* libPods.a */,
			);
			name = Frameworks;
			sourceTree = "<group>";
		};
		B421E3172AD70E9D72A52C1F /* Pods */ = {
			isa = PBXGroup;
			children = (
				82F8D0E23097955FECC03753 /* Pods.debug.xcconfig */,
				6FAFDEA42607FCEF1A7F3950 /* Pods.release.xcconfig */,
			);
			name = Pods;
			sourceTree = "<group>";
		};
/* End PBXGroup section */

/* Begin PBXNativeTarget section */
		7F004C111CCBD21700F4FAA8 /* FoodiePlace */ = {
			isa = PBXNativeTarget;
			buildConfigurationList = 7F004C3A1CCBD21700F4FAA8 /* Build configuration list for PBXNativeTarget "FoodiePlace" */;
			buildPhases = (
				A76F318F832873ABEF8C1D3B /* Check Pods Manifest.lock */,
				7F004C0E1CCBD21700F4FAA8 /* Sources */,
				7F004C0F1CCBD21700F4FAA8 /* Frameworks */,
				7F004C101CCBD21700F4FAA8 /* Resources */,
				99D4A60833D14DC776E7B7EF /* Embed Pods Frameworks */,
				A8BB7FB503AD2D551C28A53F /* Copy Pods Resources */,
			);
			buildRules = (
			);
			dependencies = (
			);
			name = FoodiePlace;
			productName = FoodiePlace;
			productReference = 7F004C121CCBD21700F4FAA8 /* FoodiePlace.app */;
			productType = "com.apple.product-type.application";
		};
		7F004C251CCBD21700F4FAA8 /* FoodiePlaceTests */ = {
			isa = PBXNativeTarget;
			buildConfigurationList = 7F004C3D1CCBD21700F4FAA8 /* Build configuration list for PBXNativeTarget "FoodiePlaceTests" */;
			buildPhases = (
				7F004C221CCBD21700F4FAA8 /* Sources */,
				7F004C231CCBD21700F4FAA8 /* Frameworks */,
				7F004C241CCBD21700F4FAA8 /* Resources */,
			);
			buildRules = (
			);
			dependencies = (
				7F004C281CCBD21700F4FAA8 /* PBXTargetDependency */,
			);
			name = FoodiePlaceTests;
			productName = FoodiePlaceTests;
			productReference = 7F004C261CCBD21700F4FAA8 /* FoodiePlaceTests.xctest */;
			productType = "com.apple.product-type.bundle.unit-test";
		};
		7F004C301CCBD21700F4FAA8 /* FoodiePlaceUITests */ = {
			isa = PBXNativeTarget;
			buildConfigurationList = 7F004C401CCBD21700F4FAA8 /* Build configuration list for PBXNativeTarget "FoodiePlaceUITests" */;
			buildPhases = (
				7F004C2D1CCBD21700F4FAA8 /* Sources */,
				7F004C2E1CCBD21700F4FAA8 /* Frameworks */,
				7F004C2F1CCBD21700F4FAA8 /* Resources */,
			);
			buildRules = (
			);
			dependencies = (
				7F004C331CCBD21700F4FAA8 /* PBXTargetDependency */,
			);
			name = FoodiePlaceUITests;
			productName = FoodiePlaceUITests;
			productReference = 7F004C311CCBD21700F4FAA8 /* FoodiePlaceUITests.xctest */;
			productType = "com.apple.product-type.bundle.ui-testing";
		};
/* End PBXNativeTarget section */

/* Begin PBXProject section */
		7F004C0A1CCBD21700F4FAA8 /* Project object */ = {
			isa = PBXProject;
			attributes = {
				LastSwiftUpdateCheck = 0730;
				LastUpgradeCheck = 0730;
				ORGANIZATIONNAME = "Belinda Vennam";
				TargetAttributes = {
					7F004C111CCBD21700F4FAA8 = {
						CreatedOnToolsVersion = 7.3;
					};
					7F004C251CCBD21700F4FAA8 = {
						CreatedOnToolsVersion = 7.3;
						TestTargetID = 7F004C111CCBD21700F4FAA8;
					};
					7F004C301CCBD21700F4FAA8 = {
						CreatedOnToolsVersion = 7.3;
						TestTargetID = 7F004C111CCBD21700F4FAA8;
					};
				};
			};
			buildConfigurationList = 7F004C0D1CCBD21700F4FAA8 /* Build configuration list for PBXProject "FoodiePlace" */;
			compatibilityVersion = "Xcode 3.2";
			developmentRegion = English;
			hasScannedForEncodings = 0;
			knownRegions = (
				en,
				Base,
			);
			mainGroup = 7F004C091CCBD21700F4FAA8;
			productRefGroup = 7F004C131CCBD21700F4FAA8 /* Products */;
			projectDirPath = "";
			projectRoot = "";
			targets = (
				7F004C111CCBD21700F4FAA8 /* FoodiePlace */,
				7F004C251CCBD21700F4FAA8 /* FoodiePlaceTests */,
				7F004C301CCBD21700F4FAA8 /* FoodiePlaceUITests */,
			);
		};
/* End PBXProject section */

/* Begin PBXResourcesBuildPhase section */
		7F004C101CCBD21700F4FAA8 /* Resources */ = {
			isa = PBXResourcesBuildPhase;
			buildActionMask = 2147483647;
			files = (
				7FB69F321CD0033100CF4140 /* Main.storyboard in Resources */,
				7F004C201CCBD21700F4FAA8 /* LaunchScreen.storyboard in Resources */,
				7F004C1D1CCBD21700F4FAA8 /* Assets.xcassets in Resources */,
			);
			runOnlyForDeploymentPostprocessing = 0;
		};
		7F004C241CCBD21700F4FAA8 /* Resources */ = {
			isa = PBXResourcesBuildPhase;
			buildActionMask = 2147483647;
			files = (
			);
			runOnlyForDeploymentPostprocessing = 0;
		};
		7F004C2F1CCBD21700F4FAA8 /* Resources */ = {
			isa = PBXResourcesBuildPhase;
			buildActionMask = 2147483647;
			files = (
			);
			runOnlyForDeploymentPostprocessing = 0;
		};
/* End PBXResourcesBuildPhase section */

/* Begin PBXShellScriptBuildPhase section */
		99D4A60833D14DC776E7B7EF /* Embed Pods Frameworks */ = {
			isa = PBXShellScriptBuildPhase;
			buildActionMask = 2147483647;
			files = (
			);
			inputPaths = (
			);
			name = "Embed Pods Frameworks";
			outputPaths = (
			);
			runOnlyForDeploymentPostprocessing = 0;
			shellPath = /bin/sh;
			shellScript = "\"${SRCROOT}/Pods/Target Support Files/Pods/Pods-frameworks.sh\"\n";
			showEnvVarsInLog = 0;
		};
		A76F318F832873ABEF8C1D3B /* Check Pods Manifest.lock */ = {
			isa = PBXShellScriptBuildPhase;
			buildActionMask = 2147483647;
			files = (
			);
			inputPaths = (
			);
			name = "Check Pods Manifest.lock";
			outputPaths = (
			);
			runOnlyForDeploymentPostprocessing = 0;
			shellPath = /bin/sh;
			shellScript = "diff \"${PODS_ROOT}/../Podfile.lock\" \"${PODS_ROOT}/Manifest.lock\" > /dev/null\nif [[ $? != 0 ]] ; then\n    cat << EOM\nerror: The sandbox is not in sync with the Podfile.lock. Run 'pod install' or update your CocoaPods installation.\nEOM\n    exit 1\nfi\n";
			showEnvVarsInLog = 0;
		};
		A8BB7FB503AD2D551C28A53F /* Copy Pods Resources */ = {
			isa = PBXShellScriptBuildPhase;
			buildActionMask = 2147483647;
			files = (
			);
			inputPaths = (
			);
			name = "Copy Pods Resources";
			outputPaths = (
			);
			runOnlyForDeploymentPostprocessing = 0;
			shellPath = /bin/sh;
			shellScript = "\"${SRCROOT}/Pods/Target Support Files/Pods/Pods-resources.sh\"\n";
			showEnvVarsInLog = 0;
		};
/* End PBXShellScriptBuildPhase section */

/* Begin PBXSourcesBuildPhase section */
		7F004C0E1CCBD21700F4FAA8 /* Sources */ = {
			isa = PBXSourcesBuildPhase;
			buildActionMask = 2147483647;
			files = (
				7FDFBA491CD544D300EAB5AB /* AddFoodViewController.swift in Sources */,
				7F004C481CCD27DC00F4FAA8 /* LocationViewController.swift in Sources */,
				7F004C181CCBD21700F4FAA8 /* ViewController.swift in Sources */,
				7F004C161CCBD21700F4FAA8 /* AppDelegate.swift in Sources */,
				7F004C461CCD219000F4FAA8 /* GCD.swift in Sources */,
				7F004C441CCD209D00F4FAA8 /* FoodieTableViewController.swift in Sources */,
				7F65CC961CCD485C00BD0B8A /* FoodTableViewCell.swift in Sources */,
			);
			runOnlyForDeploymentPostprocessing = 0;
		};
		7F004C221CCBD21700F4FAA8 /* Sources */ = {
			isa = PBXSourcesBuildPhase;
			buildActionMask = 2147483647;
			files = (
				7F004C2B1CCBD21700F4FAA8 /* FoodiePlaceTests.swift in Sources */,
			);
			runOnlyForDeploymentPostprocessing = 0;
		};
		7F004C2D1CCBD21700F4FAA8 /* Sources */ = {
			isa = PBXSourcesBuildPhase;
			buildActionMask = 2147483647;
			files = (
				7F004C361CCBD21700F4FAA8 /* FoodiePlaceUITests.swift in Sources */,
			);
			runOnlyForDeploymentPostprocessing = 0;
		};
/* End PBXSourcesBuildPhase section */

/* Begin PBXTargetDependency section */
		7F004C281CCBD21700F4FAA8 /* PBXTargetDependency */ = {
			isa = PBXTargetDependency;
			target = 7F004C111CCBD21700F4FAA8 /* FoodiePlace */;
			targetProxy = 7F004C271CCBD21700F4FAA8 /* PBXContainerItemProxy */;
		};
		7F004C331CCBD21700F4FAA8 /* PBXTargetDependency */ = {
			isa = PBXTargetDependency;
			target = 7F004C111CCBD21700F4FAA8 /* FoodiePlace */;
			targetProxy = 7F004C321CCBD21700F4FAA8 /* PBXContainerItemProxy */;
		};
/* End PBXTargetDependency section */

/* Begin PBXVariantGroup section */
		7F004C1E1CCBD21700F4FAA8 /* LaunchScreen.storyboard */ = {
			isa = PBXVariantGroup;
			children = (
				7F004C1F1CCBD21700F4FAA8 /* Base */,
			);
			name = LaunchScreen.storyboard;
			sourceTree = "<group>";
		};
		7FB69F301CD0033100CF4140 /* Main.storyboard */ = {
			isa = PBXVariantGroup;
			children = (
				7FB69F311CD0033100CF4140 /* Base */,
			);
			name = Main.storyboard;
			sourceTree = "<group>";
		};
/* End PBXVariantGroup section */

/* Begin XCBuildConfiguration section */
		7F004C381CCBD21700F4FAA8 /* Debug */ = {
			isa = XCBuildConfiguration;
			buildSettings = {
				ALWAYS_SEARCH_USER_PATHS = NO;
				CLANG_ANALYZER_NONNULL = YES;
				CLANG_CXX_LANGUAGE_STANDARD = "gnu++0x";
				CLANG_CXX_LIBRARY = "libc++";
				CLANG_ENABLE_MODULES = YES;
				CLANG_ENABLE_OBJC_ARC = YES;
				CLANG_WARN_BOOL_CONVERSION = YES;
				CLANG_WARN_CONSTANT_CONVERSION = YES;
				CLANG_WARN_DIRECT_OBJC_ISA_USAGE = YES_ERROR;
				CLANG_WARN_EMPTY_BODY = YES;
				CLANG_WARN_ENUM_CONVERSION = YES;
				CLANG_WARN_INT_CONVERSION = YES;
				CLANG_WARN_OBJC_ROOT_CLASS = YES_ERROR;
				CLANG_WARN_UNREACHABLE_CODE = YES;
				CLANG_WARN__DUPLICATE_METHOD_MATCH = YES;
				"CODE_SIGN_IDENTITY[sdk=iphoneos*]" = "iPhone Developer";
				COPY_PHASE_STRIP = NO;
				DEBUG_INFORMATION_FORMAT = dwarf;
				ENABLE_STRICT_OBJC_MSGSEND = YES;
				ENABLE_TESTABILITY = YES;
				GCC_C_LANGUAGE_STANDARD = gnu99;
				GCC_DYNAMIC_NO_PIC = NO;
				GCC_NO_COMMON_BLOCKS = YES;
				GCC_OPTIMIZATION_LEVEL = 0;
				GCC_PREPROCESSOR_DEFINITIONS = (
					"DEBUG=1",
					"$(inherited)",
				);
				GCC_WARN_64_TO_32_BIT_CONVERSION = YES;
				GCC_WARN_ABOUT_RETURN_TYPE = YES_ERROR;
				GCC_WARN_UNDECLARED_SELECTOR = YES;
				GCC_WARN_UNINITIALIZED_AUTOS = YES_AGGRESSIVE;
				GCC_WARN_UNUSED_FUNCTION = YES;
				GCC_WARN_UNUSED_VARIABLE = YES;
				IPHONEOS_DEPLOYMENT_TARGET = 9.3;
				MTL_ENABLE_DEBUG_INFO = YES;
				ONLY_ACTIVE_ARCH = YES;
				SDKROOT = iphoneos;
				SWIFT_OPTIMIZATION_LEVEL = "-Onone";
				TARGETED_DEVICE_FAMILY = "1,2";
			};
			name = Debug;
		};
		7F004C391CCBD21700F4FAA8 /* Release */ = {
			isa = XCBuildConfiguration;
			buildSettings = {
				ALWAYS_SEARCH_USER_PATHS = NO;
				CLANG_ANALYZER_NONNULL = YES;
				CLANG_CXX_LANGUAGE_STANDARD = "gnu++0x";
				CLANG_CXX_LIBRARY = "libc++";
				CLANG_ENABLE_MODULES = YES;
				CLANG_ENABLE_OBJC_ARC = YES;
				CLANG_WARN_BOOL_CONVERSION = YES;
				CLANG_WARN_CONSTANT_CONVERSION = YES;
				CLANG_WARN_DIRECT_OBJC_ISA_USAGE = YES_ERROR;
				CLANG_WARN_EMPTY_BODY = YES;
				CLANG_WARN_ENUM_CONVERSION = YES;
				CLANG_WARN_INT_CONVERSION = YES;
				CLANG_WARN_OBJC_ROOT_CLASS = YES_ERROR;
				CLANG_WARN_UNREACHABLE_CODE = YES;
				CLANG_WARN__DUPLICATE_METHOD_MATCH = YES;
				"CODE_SIGN_IDENTITY[sdk=iphoneos*]" = "iPhone Developer";
				COPY_PHASE_STRIP = NO;
				DEBUG_INFORMATION_FORMAT = "dwarf-with-dsym";
				ENABLE_NS_ASSERTIONS = NO;
				ENABLE_STRICT_OBJC_MSGSEND = YES;
				GCC_C_LANGUAGE_STANDARD = gnu99;
				GCC_NO_COMMON_BLOCKS = YES;
				GCC_WARN_64_TO_32_BIT_CONVERSION = YES;
				GCC_WARN_ABOUT_RETURN_TYPE = YES_ERROR;
				GCC_WARN_UNDECLARED_SELECTOR = YES;
				GCC_WARN_UNINITIALIZED_AUTOS = YES_AGGRESSIVE;
				GCC_WARN_UNUSED_FUNCTION = YES;
				GCC_WARN_UNUSED_VARIABLE = YES;
				IPHONEOS_DEPLOYMENT_TARGET = 9.3;
				MTL_ENABLE_DEBUG_INFO = NO;
				SDKROOT = iphoneos;
				TARGETED_DEVICE_FAMILY = "1,2";
				VALIDATE_PRODUCT = YES;
			};
			name = Release;
		};
		7F004C3B1CCBD21700F4FAA8 /* Debug */ = {
			isa = XCBuildConfiguration;
			baseConfigurationReference = 82F8D0E23097955FECC03753 /* Pods.debug.xcconfig */;
			buildSettings = {
				ASSETCATALOG_COMPILER_APPICON_NAME = AppIcon;
				INFOPLIST_FILE = FoodiePlace/Info.plist;
				LD_RUNPATH_SEARCH_PATHS = "$(inherited) @executable_path/Frameworks";
				PRODUCT_BUNDLE_IDENTIFIER = VennamEnterprises.FoodiePlace;
				PRODUCT_NAME = "$(TARGET_NAME)";
			};
			name = Debug;
		};
		7F004C3C1CCBD21700F4FAA8 /* Release */ = {
			isa = XCBuildConfiguration;
			baseConfigurationReference = 6FAFDEA42607FCEF1A7F3950 /* Pods.release.xcconfig */;
			buildSettings = {
				ASSETCATALOG_COMPILER_APPICON_NAME = AppIcon;
				INFOPLIST_FILE = FoodiePlace/Info.plist;
				LD_RUNPATH_SEARCH_PATHS = "$(inherited) @executable_path/Frameworks";
				PRODUCT_BUNDLE_IDENTIFIER = VennamEnterprises.FoodiePlace;
				PRODUCT_NAME = "$(TARGET_NAME)";
			};
			name = Release;
		};
		7F004C3E1CCBD21700F4FAA8 /* Debug */ = {
			isa = XCBuildConfiguration;
			buildSettings = {
				BUNDLE_LOADER = "$(TEST_HOST)";
				INFOPLIST_FILE = FoodiePlaceTests/Info.plist;
				LD_RUNPATH_SEARCH_PATHS = "$(inherited) @executable_path/Frameworks @loader_path/Frameworks";
				PRODUCT_BUNDLE_IDENTIFIER = VennamEnterprises.FoodiePlaceTests;
				PRODUCT_NAME = "$(TARGET_NAME)";
				TEST_HOST = "$(BUILT_PRODUCTS_DIR)/FoodiePlace.app/FoodiePlace";
			};
			name = Debug;
		};
		7F004C3F1CCBD21700F4FAA8 /* Release */ = {
			isa = XCBuildConfiguration;
			buildSettings = {
				BUNDLE_LOADER = "$(TEST_HOST)";
				INFOPLIST_FILE = FoodiePlaceTests/Info.plist;
				LD_RUNPATH_SEARCH_PATHS = "$(inherited) @executable_path/Frameworks @loader_path/Frameworks";
				PRODUCT_BUNDLE_IDENTIFIER = VennamEnterprises.FoodiePlaceTests;
				PRODUCT_NAME = "$(TARGET_NAME)";
				TEST_HOST = "$(BUILT_PRODUCTS_DIR)/FoodiePlace.app/FoodiePlace";
			};
			name = Release;
		};
		7F004C411CCBD21700F4FAA8 /* Debug */ = {
			isa = XCBuildConfiguration;
			buildSettings = {
				INFOPLIST_FILE = FoodiePlaceUITests/Info.plist;
				LD_RUNPATH_SEARCH_PATHS = "$(inherited) @executable_path/Frameworks @loader_path/Frameworks";
				PRODUCT_BUNDLE_IDENTIFIER = VennamEnterprises.FoodiePlaceUITests;
				PRODUCT_NAME = "$(TARGET_NAME)";
				TEST_TARGET_NAME = FoodiePlace;
			};
			name = Debug;
		};
		7F004C421CCBD21700F4FAA8 /* Release */ = {
			isa = XCBuildConfiguration;
			buildSettings = {
				INFOPLIST_FILE = FoodiePlaceUITests/Info.plist;
				LD_RUNPATH_SEARCH_PATHS = "$(inherited) @executable_path/Frameworks @loader_path/Frameworks";
				PRODUCT_BUNDLE_IDENTIFIER = VennamEnterprises.FoodiePlaceUITests;
				PRODUCT_NAME = "$(TARGET_NAME)";
				TEST_TARGET_NAME = FoodiePlace;
			};
			name = Release;
		};
/* End XCBuildConfiguration section */

/* Begin XCConfigurationList section */
		7F004C0D1CCBD21700F4FAA8 /* Build configuration list for PBXProject "FoodiePlace" */ = {
			isa = XCConfigurationList;
			buildConfigurations = (
				7F004C381CCBD21700F4FAA8 /* Debug */,
				7F004C391CCBD21700F4FAA8 /* Release */,
			);
			defaultConfigurationIsVisible = 0;
			defaultConfigurationName = Release;
		};
		7F004C3A1CCBD21700F4FAA8 /* Build configuration list for PBXNativeTarget "FoodiePlace" */ = {
			isa = XCConfigurationList;
			buildConfigurations = (
				7F004C3B1CCBD21700F4FAA8 /* Debug */,
				7F004C3C1CCBD21700F4FAA8 /* Release */,
			);
			defaultConfigurationIsVisible = 0;
			defaultConfigurationName = Release;
		};
		7F004C3D1CCBD21700F4FAA8 /* Build configuration list for PBXNativeTarget "FoodiePlaceTests" */ = {
			isa = XCConfigurationList;
			buildConfigurations = (
				7F004C3E1CCBD21700F4FAA8 /* Debug */,
				7F004C3F1CCBD21700F4FAA8 /* Release */,
			);
			defaultConfigurationIsVisible = 0;
			defaultConfigurationName = Release;
		};
		7F004C401CCBD21700F4FAA8 /* Build configuration list for PBXNativeTarget "FoodiePlaceUITests" */ = {
			isa = XCConfigurationList;
			buildConfigurations = (
				7F004C411CCBD21700F4FAA8 /* Debug */,
				7F004C421CCBD21700F4FAA8 /* Release */,
			);
			defaultConfigurationIsVisible = 0;
			defaultConfigurationName = Release;
		};
/* End XCConfigurationList section */
	};
	rootObject = 7F004C0A1CCBD21700F4FAA8 /* Project object */;
}
